// !$*UTF8*$!
{
	archiveVersion = 1;
	classes = {
	};
	objectVersion = 50;
	objects = {

/* Begin PBXBuildFile section */
		335378512126CA66008F1DEE /* AppDelegate.swift in Sources */ = {isa = PBXBuildFile; fileRef = 335378502126CA66008F1DEE /* AppDelegate.swift */; };
		335378562126CA66008F1DEE /* Main.storyboard in Resources */ = {isa = PBXBuildFile; fileRef = 335378542126CA66008F1DEE /* Main.storyboard */; };
		3353785B2126CA6B008F1DEE /* LaunchScreen.storyboard in Resources */ = {isa = PBXBuildFile; fileRef = 335378592126CA6B008F1DEE /* LaunchScreen.storyboard */; };
		335378662126CA6B008F1DEE /* WeatheryTests.swift in Sources */ = {isa = PBXBuildFile; fileRef = 335378652126CA6B008F1DEE /* WeatheryTests.swift */; };
		335378712126CA6B008F1DEE /* WeatheryUITests.swift in Sources */ = {isa = PBXBuildFile; fileRef = 335378702126CA6B008F1DEE /* WeatheryUITests.swift */; };
		3353787F2126CAD6008F1DEE /* NetworkProcessor.swift in Sources */ = {isa = PBXBuildFile; fileRef = 3353787E2126CAD6008F1DEE /* NetworkProcessor.swift */; };
		335378822126E4D9008F1DEE /* ForecastService.swift in Sources */ = {isa = PBXBuildFile; fileRef = 335378812126E4D9008F1DEE /* ForecastService.swift */; };
		335378852126E7F1008F1DEE /* CurrentWeather.swift in Sources */ = {isa = PBXBuildFile; fileRef = 335378842126E7F1008F1DEE /* CurrentWeather.swift */; };
		335378912126F7F6008F1DEE /* Assets.xcassets in Resources */ = {isa = PBXBuildFile; fileRef = 335378902126F7F6008F1DEE /* Assets.xcassets */; };
		335378932126FC20008F1DEE /* CurrentWeatherViewController.swift in Sources */ = {isa = PBXBuildFile; fileRef = 335378922126FC20008F1DEE /* CurrentWeatherViewController.swift */; };
/* End PBXBuildFile section */

/* Begin PBXContainerItemProxy section */
		335378622126CA6B008F1DEE /* PBXContainerItemProxy */ = {
			isa = PBXContainerItemProxy;
			containerPortal = 335378452126CA65008F1DEE /* Project object */;
			proxyType = 1;
			remoteGlobalIDString = 3353784C2126CA66008F1DEE;
			remoteInfo = Weathery;
		};
		3353786D2126CA6B008F1DEE /* PBXContainerItemProxy */ = {
			isa = PBXContainerItemProxy;
			containerPortal = 335378452126CA65008F1DEE /* Project object */;
			proxyType = 1;
			remoteGlobalIDString = 3353784C2126CA66008F1DEE;
			remoteInfo = Weathery;
		};
/* End PBXContainerItemProxy section */

/* Begin PBXFileReference section */
		3353784D2126CA66008F1DEE /* Weathery.app */ = {isa = PBXFileReference; explicitFileType = wrapper.application; includeInIndex = 0; path = Weathery.app; sourceTree = BUILT_PRODUCTS_DIR; };
		335378502126CA66008F1DEE /* AppDelegate.swift */ = {isa = PBXFileReference; lastKnownFileType = sourcecode.swift; path = AppDelegate.swift; sourceTree = "<group>"; };
		335378552126CA66008F1DEE /* Base */ = {isa = PBXFileReference; lastKnownFileType = file.storyboard; name = Base; path = Base.lproj/Main.storyboard; sourceTree = "<group>"; };
		3353785A2126CA6B008F1DEE /* Base */ = {isa = PBXFileReference; lastKnownFileType = file.storyboard; name = Base; path = Base.lproj/LaunchScreen.storyboard; sourceTree = "<group>"; };
		3353785C2126CA6B008F1DEE /* Info.plist */ = {isa = PBXFileReference; lastKnownFileType = text.plist.xml; path = Info.plist; sourceTree = "<group>"; };
		335378612126CA6B008F1DEE /* WeatheryTests.xctest */ = {isa = PBXFileReference; explicitFileType = wrapper.cfbundle; includeInIndex = 0; path = WeatheryTests.xctest; sourceTree = BUILT_PRODUCTS_DIR; };
		335378652126CA6B008F1DEE /* WeatheryTests.swift */ = {isa = PBXFileReference; lastKnownFileType = sourcecode.swift; path = WeatheryTests.swift; sourceTree = "<group>"; };
		335378672126CA6B008F1DEE /* Info.plist */ = {isa = PBXFileReference; lastKnownFileType = text.plist.xml; path = Info.plist; sourceTree = "<group>"; };
		3353786C2126CA6B008F1DEE /* WeatheryUITests.xctest */ = {isa = PBXFileReference; explicitFileType = wrapper.cfbundle; includeInIndex = 0; path = WeatheryUITests.xctest; sourceTree = BUILT_PRODUCTS_DIR; };
		335378702126CA6B008F1DEE /* WeatheryUITests.swift */ = {isa = PBXFileReference; lastKnownFileType = sourcecode.swift; path = WeatheryUITests.swift; sourceTree = "<group>"; };
		335378722126CA6B008F1DEE /* Info.plist */ = {isa = PBXFileReference; lastKnownFileType = text.plist.xml; path = Info.plist; sourceTree = "<group>"; };
		3353787E2126CAD6008F1DEE /* NetworkProcessor.swift */ = {isa = PBXFileReference; lastKnownFileType = sourcecode.swift; path = NetworkProcessor.swift; sourceTree = "<group>"; };
		335378812126E4D9008F1DEE /* ForecastService.swift */ = {isa = PBXFileReference; lastKnownFileType = sourcecode.swift; path = ForecastService.swift; sourceTree = "<group>"; };
		335378842126E7F1008F1DEE /* CurrentWeather.swift */ = {isa = PBXFileReference; lastKnownFileType = sourcecode.swift; path = CurrentWeather.swift; sourceTree = "<group>"; };
		335378902126F7F6008F1DEE /* Assets.xcassets */ = {isa = PBXFileReference; lastKnownFileType = folder.assetcatalog; name = Assets.xcassets; path = ../../.Trash/Assets.xcassets; sourceTree = "<group>"; };
		335378922126FC20008F1DEE /* CurrentWeatherViewController.swift */ = {isa = PBXFileReference; lastKnownFileType = sourcecode.swift; path = CurrentWeatherViewController.swift; sourceTree = "<group>"; };
/* End PBXFileReference section */

/* Begin PBXFrameworksBuildPhase section */
		3353784A2126CA66008F1DEE /* Frameworks */ = {
			isa = PBXFrameworksBuildPhase;
			buildActionMask = 2147483647;
			files = (
			);
			runOnlyForDeploymentPostprocessing = 0;
		};
		3353785E2126CA6B008F1DEE /* Frameworks */ = {
			isa = PBXFrameworksBuildPhase;
			buildActionMask = 2147483647;
			files = (
			);
			runOnlyForDeploymentPostprocessing = 0;
		};
		335378692126CA6B008F1DEE /* Frameworks */ = {
			isa = PBXFrameworksBuildPhase;
			buildActionMask = 2147483647;
			files = (
			);
			runOnlyForDeploymentPostprocessing = 0;
		};
/* End PBXFrameworksBuildPhase section */

/* Begin PBXGroup section */
		335378442126CA65008F1DEE = {
			isa = PBXGroup;
			children = (
				3353784F2126CA66008F1DEE /* Weathery */,
				335378642126CA6B008F1DEE /* WeatheryTests */,
				3353786F2126CA6B008F1DEE /* WeatheryUITests */,
				3353784E2126CA66008F1DEE /* Products */,
				335378902126F7F6008F1DEE /* Assets.xcassets */,
			);
			sourceTree = "<group>";
		};
		3353784E2126CA66008F1DEE /* Products */ = {
			isa = PBXGroup;
			children = (
				3353784D2126CA66008F1DEE /* Weathery.app */,
				335378612126CA6B008F1DEE /* WeatheryTests.xctest */,
				3353786C2126CA6B008F1DEE /* WeatheryUITests.xctest */,
			);
			name = Products;
			sourceTree = "<group>";
		};
		3353784F2126CA66008F1DEE /* Weathery */ = {
			isa = PBXGroup;
			children = (
				335378502126CA66008F1DEE /* AppDelegate.swift */,
				335378922126FC20008F1DEE /* CurrentWeatherViewController.swift */,
				335378802126CB06008F1DEE /* Model */,
				335378542126CA66008F1DEE /* Main.storyboard */,
				335378592126CA6B008F1DEE /* LaunchScreen.storyboard */,
				3353785C2126CA6B008F1DEE /* Info.plist */,
			);
			path = Weathery;
			sourceTree = "<group>";
		};
		335378642126CA6B008F1DEE /* WeatheryTests */ = {
			isa = PBXGroup;
			children = (
				335378652126CA6B008F1DEE /* WeatheryTests.swift */,
				335378672126CA6B008F1DEE /* Info.plist */,
			);
			path = WeatheryTests;
			sourceTree = "<group>";
		};
		3353786F2126CA6B008F1DEE /* WeatheryUITests */ = {
			isa = PBXGroup;
			children = (
				335378702126CA6B008F1DEE /* WeatheryUITests.swift */,
				335378722126CA6B008F1DEE /* Info.plist */,
			);
			path = WeatheryUITests;
			sourceTree = "<group>";
		};
		335378802126CB06008F1DEE /* Model */ = {
			isa = PBXGroup;
			children = (
				3353787E2126CAD6008F1DEE /* NetworkProcessor.swift */,
				335378812126E4D9008F1DEE /* ForecastService.swift */,
				335378842126E7F1008F1DEE /* CurrentWeather.swift */,
			);
			path = Model;
			sourceTree = "<group>";
		};
/* End PBXGroup section */

/* Begin PBXNativeTarget section */
		3353784C2126CA66008F1DEE /* Weathery */ = {
			isa = PBXNativeTarget;
			buildConfigurationList = 335378752126CA6B008F1DEE /* Build configuration list for PBXNativeTarget "Weathery" */;
			buildPhases = (
				335378492126CA66008F1DEE /* Sources */,
				3353784A2126CA66008F1DEE /* Frameworks */,
				3353784B2126CA66008F1DEE /* Resources */,
			);
			buildRules = (
			);
			dependencies = (
			);
			name = Weathery;
			productName = Weathery;
			productReference = 3353784D2126CA66008F1DEE /* Weathery.app */;
			productType = "com.apple.product-type.application";
		};
		335378602126CA6B008F1DEE /* WeatheryTests */ = {
			isa = PBXNativeTarget;
			buildConfigurationList = 335378782126CA6B008F1DEE /* Build configuration list for PBXNativeTarget "WeatheryTests" */;
			buildPhases = (
				3353785D2126CA6B008F1DEE /* Sources */,
				3353785E2126CA6B008F1DEE /* Frameworks */,
				3353785F2126CA6B008F1DEE /* Resources */,
			);
			buildRules = (
			);
			dependencies = (
				335378632126CA6B008F1DEE /* PBXTargetDependency */,
			);
			name = WeatheryTests;
			productName = WeatheryTests;
			productReference = 335378612126CA6B008F1DEE /* WeatheryTests.xctest */;
			productType = "com.apple.product-type.bundle.unit-test";
		};
		3353786B2126CA6B008F1DEE /* WeatheryUITests */ = {
			isa = PBXNativeTarget;
			buildConfigurationList = 3353787B2126CA6B008F1DEE /* Build configuration list for PBXNativeTarget "WeatheryUITests" */;
			buildPhases = (
				335378682126CA6B008F1DEE /* Sources */,
				335378692126CA6B008F1DEE /* Frameworks */,
				3353786A2126CA6B008F1DEE /* Resources */,
			);
			buildRules = (
			);
			dependencies = (
				3353786E2126CA6B008F1DEE /* PBXTargetDependency */,
			);
			name = WeatheryUITests;
			productName = WeatheryUITests;
			productReference = 3353786C2126CA6B008F1DEE /* WeatheryUITests.xctest */;
			productType = "com.apple.product-type.bundle.ui-testing";
		};
/* End PBXNativeTarget section */

/* Begin PBXProject section */
		335378452126CA65008F1DEE /* Project object */ = {
			isa = PBXProject;
			attributes = {
				LastSwiftUpdateCheck = 0940;
				LastUpgradeCheck = 0940;
				ORGANIZATIONNAME = m1x;
				TargetAttributes = {
					3353784C2126CA66008F1DEE = {
						CreatedOnToolsVersion = 9.4.1;
					};
					335378602126CA6B008F1DEE = {
						CreatedOnToolsVersion = 9.4.1;
						TestTargetID = 3353784C2126CA66008F1DEE;
					};
					3353786B2126CA6B008F1DEE = {
						CreatedOnToolsVersion = 9.4.1;
						TestTargetID = 3353784C2126CA66008F1DEE;
					};
				};
			};
			buildConfigurationList = 335378482126CA65008F1DEE /* Build configuration list for PBXProject "Weathery" */;
			compatibilityVersion = "Xcode 9.3";
			developmentRegion = en;
			hasScannedForEncodings = 0;
			knownRegions = (
				en,
				Base,
			);
			mainGroup = 335378442126CA65008F1DEE;
			productRefGroup = 3353784E2126CA66008F1DEE /* Products */;
			projectDirPath = "";
			projectRoot = "";
			targets = (
				3353784C2126CA66008F1DEE /* Weathery */,
				335378602126CA6B008F1DEE /* WeatheryTests */,
				3353786B2126CA6B008F1DEE /* WeatheryUITests */,
			);
		};
/* End PBXProject section */

/* Begin PBXResourcesBuildPhase section */
		3353784B2126CA66008F1DEE /* Resources */ = {
			isa = PBXResourcesBuildPhase;
			buildActionMask = 2147483647;
			files = (
				3353785B2126CA6B008F1DEE /* LaunchScreen.storyboard in Resources */,
				335378912126F7F6008F1DEE /* Assets.xcassets in Resources */,
				335378562126CA66008F1DEE /* Main.storyboard in Resources */,
			);
			runOnlyForDeploymentPostprocessing = 0;
		};
		3353785F2126CA6B008F1DEE /* Resources */ = {
			isa = PBXResourcesBuildPhase;
			buildActionMask = 2147483647;
			files = (
			);
			runOnlyForDeploymentPostprocessing = 0;
		};
		3353786A2126CA6B008F1DEE /* Resources */ = {
			isa = PBXResourcesBuildPhase;
			buildActionMask = 2147483647;
			files = (
			);
			runOnlyForDeploymentPostprocessing = 0;
		};
/* End PBXResourcesBuildPhase section */

/* Begin PBXSourcesBuildPhase section */
		335378492126CA66008F1DEE /* Sources */ = {
			isa = PBXSourcesBuildPhase;
			buildActionMask = 2147483647;
			files = (
				335378822126E4D9008F1DEE /* ForecastService.swift in Sources */,
				335378932126FC20008F1DEE /* CurrentWeatherViewController.swift in Sources */,
				335378852126E7F1008F1DEE /* CurrentWeather.swift in Sources */,
				3353787F2126CAD6008F1DEE /* NetworkProcessor.swift in Sources */,
				335378512126CA66008F1DEE /* AppDelegate.swift in Sources */,
			);
			runOnlyForDeploymentPostprocessing = 0;
		};
		3353785D2126CA6B008F1DEE /* Sources */ = {
			isa = PBXSourcesBuildPhase;
			buildActionMask = 2147483647;
			files = (
				335378662126CA6B008F1DEE /* WeatheryTests.swift in Sources */,
			);
			runOnlyForDeploymentPostprocessing = 0;
		};
		335378682126CA6B008F1DEE /* Sources */ = {
			isa = PBXSourcesBuildPhase;
			buildActionMask = 2147483647;
			files = (
				335378712126CA6B008F1DEE /* WeatheryUITests.swift in Sources */,
			);
			runOnlyForDeploymentPostprocessing = 0;
		};
/* End PBXSourcesBuildPhase section */

/* Begin PBXTargetDependency section */
		335378632126CA6B008F1DEE /* PBXTargetDependency */ = {
			isa = PBXTargetDependency;
			target = 3353784C2126CA66008F1DEE /* Weathery */;
			targetProxy = 335378622126CA6B008F1DEE /* PBXContainerItemProxy */;
		};
		3353786E2126CA6B008F1DEE /* PBXTargetDependency */ = {
			isa = PBXTargetDependency;
			target = 3353784C2126CA66008F1DEE /* Weathery */;
			targetProxy = 3353786D2126CA6B008F1DEE /* PBXContainerItemProxy */;
		};
/* End PBXTargetDependency section */

/* Begin PBXVariantGroup section */
		335378542126CA66008F1DEE /* Main.storyboard */ = {
			isa = PBXVariantGroup;
			children = (
				335378552126CA66008F1DEE /* Base */,
			);
			name = Main.storyboard;
			sourceTree = "<group>";
		};
		335378592126CA6B008F1DEE /* LaunchScreen.storyboard */ = {
			isa = PBXVariantGroup;
			children = (
				3353785A2126CA6B008F1DEE /* Base */,
			);
			name = LaunchScreen.storyboard;
			sourceTree = "<group>";
		};
/* End PBXVariantGroup section */

/* Begin XCBuildConfiguration section */
		335378732126CA6B008F1DEE /* Debug */ = {
			isa = XCBuildConfiguration;
			buildSettings = {
				ALWAYS_SEARCH_USER_PATHS = NO;
				CLANG_ANALYZER_NONNULL = YES;
				CLANG_ANALYZER_NUMBER_OBJECT_CONVERSION = YES_AGGRESSIVE;
				CLANG_CXX_LANGUAGE_STANDARD = "gnu++14";
				CLANG_CXX_LIBRARY = "libc++";
				CLANG_ENABLE_MODULES = YES;
				CLANG_ENABLE_OBJC_ARC = YES;
				CLANG_ENABLE_OBJC_WEAK = YES;
				CLANG_WARN_BLOCK_CAPTURE_AUTORELEASING = YES;
				CLANG_WARN_BOOL_CONVERSION = YES;
				CLANG_WARN_COMMA = YES;
				CLANG_WARN_CONSTANT_CONVERSION = YES;
				CLANG_WARN_DEPRECATED_OBJC_IMPLEMENTATIONS = YES;
				CLANG_WARN_DIRECT_OBJC_ISA_USAGE = YES_ERROR;
				CLANG_WARN_DOCUMENTATION_COMMENTS = YES;
				CLANG_WARN_EMPTY_BODY = YES;
				CLANG_WARN_ENUM_CONVERSION = YES;
				CLANG_WARN_INFINITE_RECURSION = YES;
				CLANG_WARN_INT_CONVERSION = YES;
				CLANG_WARN_NON_LITERAL_NULL_CONVERSION = YES;
				CLANG_WARN_OBJC_IMPLICIT_RETAIN_SELF = YES;
				CLANG_WARN_OBJC_LITERAL_CONVERSION = YES;
				CLANG_WARN_OBJC_ROOT_CLASS = YES_ERROR;
				CLANG_WARN_RANGE_LOOP_ANALYSIS = YES;
				CLANG_WARN_STRICT_PROTOTYPES = YES;
				CLANG_WARN_SUSPICIOUS_MOVE = YES;
				CLANG_WARN_UNGUARDED_AVAILABILITY = YES_AGGRESSIVE;
				CLANG_WARN_UNREACHABLE_CODE = YES;
				CLANG_WARN__DUPLICATE_METHOD_MATCH = YES;
				CODE_SIGN_IDENTITY = "iPhone Developer";
				COPY_PHASE_STRIP = NO;
				DEBUG_INFORMATION_FORMAT = dwarf;
				ENABLE_STRICT_OBJC_MSGSEND = YES;
				ENABLE_TESTABILITY = YES;
				GCC_C_LANGUAGE_STANDARD = gnu11;
				GCC_DYNAMIC_NO_PIC = NO;
				GCC_NO_COMMON_BLOCKS = YES;
				GCC_OPTIMIZATION_LEVEL = 0;
				GCC_PREPROCESSOR_DEFINITIONS = (
					"DEBUG=1",
					"$(inherited)",
				);
				GCC_WARN_64_TO_32_BIT_CONVERSION = YES;
				GCC_WARN_ABOUT_RETURN_TYPE = YES_ERROR;
				GCC_WARN_UNDECLARED_SELECTOR = YES;
				GCC_WARN_UNINITIALIZED_AUTOS = YES_AGGRESSIVE;
				GCC_WARN_UNUSED_FUNCTION = YES;
				GCC_WARN_UNUSED_VARIABLE = YES;
				IPHONEOS_DEPLOYMENT_TARGET = 11.4;
				MTL_ENABLE_DEBUG_INFO = YES;
				ONLY_ACTIVE_ARCH = YES;
				SDKROOT = iphoneos;
				SWIFT_ACTIVE_COMPILATION_CONDITIONS = DEBUG;
				SWIFT_OPTIMIZATION_LEVEL = "-Onone";
			};
			name = Debug;
		};
		335378742126CA6B008F1DEE /* Release */ = {
			isa = XCBuildConfiguration;
			buildSettings = {
				ALWAYS_SEARCH_USER_PATHS = NO;
				CLANG_ANALYZER_NONNULL = YES;
				CLANG_ANALYZER_NUMBER_OBJECT_CONVERSION = YES_AGGRESSIVE;
				CLANG_CXX_LANGUAGE_STANDARD = "gnu++14";
				CLANG_CXX_LIBRARY = "libc++";
				CLANG_ENABLE_MODULES = YES;
				CLANG_ENABLE_OBJC_ARC = YES;
				CLANG_ENABLE_OBJC_WEAK = YES;
				CLANG_WARN_BLOCK_CAPTURE_AUTORELEASING = YES;
				CLANG_WARN_BOOL_CONVERSION = YES;
				CLANG_WARN_COMMA = YES;
				CLANG_WARN_CONSTANT_CONVERSION = YES;
				CLANG_WARN_DEPRECATED_OBJC_IMPLEMENTATIONS = YES;
				CLANG_WARN_DIRECT_OBJC_ISA_USAGE = YES_ERROR;
				CLANG_WARN_DOCUMENTATION_COMMENTS = YES;
				CLANG_WARN_EMPTY_BODY = YES;
				CLANG_WARN_ENUM_CONVERSION = YES;
				CLANG_WARN_INFINITE_RECURSION = YES;
				CLANG_WARN_INT_CONVERSION = YES;
				CLANG_WARN_NON_LITERAL_NULL_CONVERSION = YES;
				CLANG_WARN_OBJC_IMPLICIT_RETAIN_SELF = YES;
				CLANG_WARN_OBJC_LITERAL_CONVERSION = YES;
				CLANG_WARN_OBJC_ROOT_CLASS = YES_ERROR;
				CLANG_WARN_RANGE_LOOP_ANALYSIS = YES;
				CLANG_WARN_STRICT_PROTOTYPES = YES;
				CLANG_WARN_SUSPICIOUS_MOVE = YES;
				CLANG_WARN_UNGUARDED_AVAILABILITY = YES_AGGRESSIVE;
				CLANG_WARN_UNREACHABLE_CODE = YES;
				CLANG_WARN__DUPLICATE_METHOD_MATCH = YES;
				CODE_SIGN_IDENTITY = "iPhone Developer";
				COPY_PHASE_STRIP = NO;
				DEBUG_INFORMATION_FORMAT = "dwarf-with-dsym";
				ENABLE_NS_ASSERTIONS = NO;
				ENABLE_STRICT_OBJC_MSGSEND = YES;
				GCC_C_LANGUAGE_STANDARD = gnu11;
				GCC_NO_COMMON_BLOCKS = YES;
				GCC_WARN_64_TO_32_BIT_CONVERSION = YES;
				GCC_WARN_ABOUT_RETURN_TYPE = YES_ERROR;
				GCC_WARN_UNDECLARED_SELECTOR = YES;
				GCC_WARN_UNINITIALIZED_AUTOS = YES_AGGRESSIVE;
				GCC_WARN_UNUSED_FUNCTION = YES;
				GCC_WARN_UNUSED_VARIABLE = YES;
				IPHONEOS_DEPLOYMENT_TARGET = 11.4;
				MTL_ENABLE_DEBUG_INFO = NO;
				SDKROOT = iphoneos;
				SWIFT_COMPILATION_MODE = wholemodule;
				SWIFT_OPTIMIZATION_LEVEL = "-O";
				VALIDATE_PRODUCT = YES;
			};
			name = Release;
		};
		335378762126CA6B008F1DEE /* Debug */ = {
			isa = XCBuildConfiguration;
			buildSettings = {
				ASSETCATALOG_COMPILER_APPICON_NAME = AppIcon;
				CODE_SIGN_STYLE = Automatic;
				INFOPLIST_FILE = Weathery/Info.plist;
				LD_RUNPATH_SEARCH_PATHS = (
					"$(inherited)",
					"@executable_path/Frameworks",
				);
				PRODUCT_BUNDLE_IDENTIFIER = Nick.Weathery;
				PRODUCT_NAME = "$(TARGET_NAME)";
				SWIFT_VERSION = 4.0;
				TARGETED_DEVICE_FAMILY = "1,2";
			};
			name = Debug;
		};
		335378772126CA6B008F1DEE /* Release */ = {
			isa = XCBuildConfiguration;
			buildSettings = {
				ASSETCATALOG_COMPILER_APPICON_NAME = AppIcon;
				CODE_SIGN_STYLE = Automatic;
				INFOPLIST_FILE = Weathery/Info.plist;
				LD_RUNPATH_SEARCH_PATHS = (
					"$(inherited)",
					"@executable_path/Frameworks",
				);
				PRODUCT_BUNDLE_IDENTIFIER = Nick.Weathery;
				PRODUCT_NAME = "$(TARGET_NAME)";
				SWIFT_VERSION = 4.0;
				TARGETED_DEVICE_FAMILY = "1,2";
			};
			name = Release;
		};
		335378792126CA6B008F1DEE /* Debug */ = {
			isa = XCBuildConfiguration;
			buildSettings = {
				ALWAYS_EMBED_SWIFT_STANDARD_LIBRARIES = YES;
				BUNDLE_LOADER = "$(TEST_HOST)";
				CODE_SIGN_STYLE = Automatic;
				INFOPLIST_FILE = WeatheryTests/Info.plist;
				LD_RUNPATH_SEARCH_PATHS = (
					"$(inherited)",
					"@executable_path/Frameworks",
					"@loader_path/Frameworks",
				);
				PRODUCT_BUNDLE_IDENTIFIER = Nick.WeatheryTests;
				PRODUCT_NAME = "$(TARGET_NAME)";
				SWIFT_VERSION = 4.0;
				TARGETED_DEVICE_FAMILY = "1,2";
				TEST_HOST = "$(BUILT_PRODUCTS_DIR)/Weathery.app/Weathery";
			};
			name = Debug;
		};
		3353787A2126CA6B008F1DEE /* Release */ = {
			isa = XCBuildConfiguration;
			buildSettings = {
				ALWAYS_EMBED_SWIFT_STANDARD_LIBRARIES = YES;
				BUNDLE_LOADER = "$(TEST_HOST)";
				CODE_SIGN_STYLE = Automatic;
				INFOPLIST_FILE = WeatheryTests/Info.plist;
				LD_RUNPATH_SEARCH_PATHS = (
					"$(inherited)",
					"@executable_path/Frameworks",
					"@loader_path/Frameworks",
				);
				PRODUCT_BUNDLE_IDENTIFIER = Nick.WeatheryTests;
				PRODUCT_NAME = "$(TARGET_NAME)";
				SWIFT_VERSION = 4.0;
				TARGETED_DEVICE_FAMILY = "1,2";
				TEST_HOST = "$(BUILT_PRODUCTS_DIR)/Weathery.app/Weathery";
			};
			name = Release;
		};
		3353787C2126CA6B008F1DEE /* Debug */ = {
			isa = XCBuildConfiguration;
			buildSettings = {
				ALWAYS_EMBED_SWIFT_STANDARD_LIBRARIES = YES;
				CODE_SIGN_STYLE = Automatic;
				INFOPLIST_FILE = WeatheryUITests/Info.plist;
				LD_RUNPATH_SEARCH_PATHS = (
					"$(inherited)",
					"@executable_path/Frameworks",
					"@loader_path/Frameworks",
				);
				PRODUCT_BUNDLE_IDENTIFIER = Nick.WeatheryUITests;
				PRODUCT_NAME = "$(TARGET_NAME)";
				SWIFT_VERSION = 4.0;
				TARGETED_DEVICE_FAMILY = "1,2";
				TEST_TARGET_NAME = Weathery;
			};
			name = Debug;
		};
		3353787D2126CA6B008F1DEE /* Release */ = {
			isa = XCBuildConfiguration;
			buildSettings = {
				ALWAYS_EMBED_SWIFT_STANDARD_LIBRARIES = YES;
				CODE_SIGN_STYLE = Automatic;
				INFOPLIST_FILE = WeatheryUITests/Info.plist;
				LD_RUNPATH_SEARCH_PATHS = (
					"$(inherited)",
					"@executable_path/Frameworks",
					"@loader_path/Frameworks",
				);
				PRODUCT_BUNDLE_IDENTIFIER = Nick.WeatheryUITests;
				PRODUCT_NAME = "$(TARGET_NAME)";
				SWIFT_VERSION = 4.0;
				TARGETED_DEVICE_FAMILY = "1,2";
				TEST_TARGET_NAME = Weathery;
			};
			name = Release;
		};
/* End XCBuildConfiguration section */

/* Begin XCConfigurationList section */
		335378482126CA65008F1DEE /* Build configuration list for PBXProject "Weathery" */ = {
			isa = XCConfigurationList;
			buildConfigurations = (
				335378732126CA6B008F1DEE /* Debug */,
				335378742126CA6B008F1DEE /* Release */,
			);
			defaultConfigurationIsVisible = 0;
			defaultConfigurationName = Release;
		};
		335378752126CA6B008F1DEE /* Build configuration list for PBXNativeTarget "Weathery" */ = {
			isa = XCConfigurationList;
			buildConfigurations = (
				335378762126CA6B008F1DEE /* Debug */,
				335378772126CA6B008F1DEE /* Release */,
			);
			defaultConfigurationIsVisible = 0;
			defaultConfigurationName = Release;
		};
		335378782126CA6B008F1DEE /* Build configuration list for PBXNativeTarget "WeatheryTests" */ = {
			isa = XCConfigurationList;
			buildConfigurations = (
				335378792126CA6B008F1DEE /* Debug */,
				3353787A2126CA6B008F1DEE /* Release */,
			);
			defaultConfigurationIsVisible = 0;
			defaultConfigurationName = Release;
		};
		3353787B2126CA6B008F1DEE /* Build configuration list for PBXNativeTarget "WeatheryUITests" */ = {
			isa = XCConfigurationList;
			buildConfigurations = (
				3353787C2126CA6B008F1DEE /* Debug */,
				3353787D2126CA6B008F1DEE /* Release */,
			);
			defaultConfigurationIsVisible = 0;
			defaultConfigurationName = Release;
		};
/* End XCConfigurationList section */
	};
	rootObject = 335378452126CA65008F1DEE /* Project object */;
}
